Microsoft Visual Studio Solution File, Format Version 12.00
# Visual Studio Version 17
VisualStudioVersion = 17.6.33723.286
MinimumVisualStudioVersion = 10.0.40219.1
Project("{9A19103F-16F7-4668-BE54-9A1E7A4F7556}") = "ZeroTechFlare", "ZeroTechFlare\ZeroTechFlare.csproj", "{28D641F3-99ED-47EA-8748-1D64CD0029D2}"
EndProject
Global
	GlobalSection(SolutionConfigurationPlatforms) = preSolution
		Debug|Any CPU = Debug|Any CPU
		Release|Any CPU = Release|Any CPU
	EndGlobalSection
	GlobalSection(ProjectConfigurationPlatforms) = postSolution
		{28D641F3-99ED-47EA-8748-1D64CD0029D2}.Debug|Any CPU.ActiveCfg = Debug|Any CPU
		{28D641F3-99ED-47EA-8748-1D64CD0029D2}.Debug|Any CPU.Build.0 = Debug|Any CPU
		{28D641F3-99ED-47EA-8748-1D64CD0029D2}.Release|Any CPU.ActiveCfg = Release|Any CPU
		{28D641F3-99ED-47EA-8748-1D64CD0029D2}.Release|Any CPU.Build.0 = Release|Any CPU
	EndGlobalSection
	GlobalSection(SolutionProperties) = preSolution
		HideSolutionNode = FALSE
	EndGlobalSection
	GlobalSection(ExtensibilityGlobals) = postSolution
		SolutionGuid = {2921f1f0-43df-40af-85e6-325b0d53e381}
	EndGlobalSection
EndGlobal
